
Microsoft Visual Studio Solution File, Format Version 12.00
# Visual Studio Version 17
VisualStudioVersion = 17.9.34728.123
MinimumVisualStudioVersion = 10.0.40219.1
Project("{FAE04EC0-301F-11D3-BF4B-00C04F79EFBC}") = "CAR_RENTAL_API", "CAR_RENTAL_API.csproj", "{FEC0B338-0904-4710-9CA8-FE628A0AA18A}"
EndProject
Global
	GlobalSection(SolutionConfigurationPlatforms) = preSolution
		Debug|Any CPU = Debug|Any CPU
		Release|Any CPU = Release|Any CPU
	EndGlobalSection
	GlobalSection(ProjectConfigurationPlatforms) = postSolution
		{FEC0B338-0904-4710-9CA8-FE628A0AA18A}.Debug|Any CPU.ActiveCfg = Debug|Any CPU
		{FEC0B338-0904-4710-9CA8-FE628A0AA18A}.Debug|Any CPU.Build.0 = Debug|Any CPU
		{FEC0B338-0904-4710-9CA8-FE628A0AA18A}.Release|Any CPU.ActiveCfg = Release|Any CPU
		{FEC0B338-0904-4710-9CA8-FE628A0AA18A}.Release|Any CPU.Build.0 = Release|Any CPU
	EndGlobalSection
	GlobalSection(SolutionProperties) = preSolution
		HideSolutionNode = FALSE
	EndGlobalSection
	GlobalSection(ExtensibilityGlobals) = postSolution
		SolutionGuid = {5D6B4888-8A45-463A-ADA3-2977C73099BA}
	EndGlobalSection
EndGlobal
